
Microsoft Visual Studio Solution File, Format Version 12.00
# Visual Studio Version 17
VisualStudioVersion = 17.7.34031.279
MinimumVisualStudioVersion = 10.0.40219.1
Project("{FAE04EC0-301F-11D3-BF4B-00C04F79EFBC}") = "ejerciciosCollection", "ejerciciosCollection.csproj", "{035A69A2-CB64-4661-87A6-6487C50BEFFE}"
EndProject
Global
	GlobalSection(SolutionConfigurationPlatforms) = preSolution
		Debug|Any CPU = Debug|Any CPU
		Release|Any CPU = Release|Any CPU
	EndGlobalSection
	GlobalSection(ProjectConfigurationPlatforms) = postSolution
		{035A69A2-CB64-4661-87A6-6487C50BEFFE}.Debug|Any CPU.ActiveCfg = Debug|Any CPU
		{035A69A2-CB64-4661-87A6-6487C50BEFFE}.Debug|Any CPU.Build.0 = Debug|Any CPU
		{035A69A2-CB64-4661-87A6-6487C50BEFFE}.Release|Any CPU.ActiveCfg = Release|Any CPU
		{035A69A2-CB64-4661-87A6-6487C50BEFFE}.Release|Any CPU.Build.0 = Release|Any CPU
	EndGlobalSection
	GlobalSection(SolutionProperties) = preSolution
		HideSolutionNode = FALSE
	EndGlobalSection
	GlobalSection(ExtensibilityGlobals) = postSolution
		SolutionGuid = {3558EF7C-0227-4D3D-868F-FD50FA2ECA97}
	EndGlobalSection
EndGlobal
